// !$*UTF8*$!
{
	archiveVersion = 1;
	classes = {
	};
	objectVersion = 48;
	objects = {

/* Begin PBXBuildFile section */
		461EAE76210370EE0091F9E8 /* UIVIew+Extension.swift in Sources */ = {isa = PBXBuildFile; fileRef = 461EAE75210370EE0091F9E8 /* UIVIew+Extension.swift */; };
		461EAE9C21037EF70091F9E8 /* AppDelegate+Extension.swift in Sources */ = {isa = PBXBuildFile; fileRef = 4635F404210074E700C071A7 /* AppDelegate+Extension.swift */; };
		461EAE9D21037EF70091F9E8 /* AlbumProtocol.swift in Sources */ = {isa = PBXBuildFile; fileRef = 46A24B7121005BE900BA55DB /* AlbumProtocol.swift */; };
		461EAE9E21037EF70091F9E8 /* TabularLayout.swift in Sources */ = {isa = PBXBuildFile; fileRef = 46E4FE042101B398000B5AB9 /* TabularLayout.swift */; };
		461EAE9F21037EF70091F9E8 /* GridLayout.swift in Sources */ = {isa = PBXBuildFile; fileRef = 46E4FE012101B190000B5AB9 /* GridLayout.swift */; };
		461EAEA021037EF70091F9E8 /* UIImageView+Extension.swift in Sources */ = {isa = PBXBuildFile; fileRef = 4635F40E2100D2B700C071A7 /* UIImageView+Extension.swift */; };
		461EAEA121037EF70091F9E8 /* DataOperation.swift in Sources */ = {isa = PBXBuildFile; fileRef = 4635F407210091AC00C071A7 /* DataOperation.swift */; };
		461EAEA221037EF70091F9E8 /* PhotoFooterView.swift in Sources */ = {isa = PBXBuildFile; fileRef = 4635F4102100ED0C00C071A7 /* PhotoFooterView.swift */; };
		461EAEA321037EF70091F9E8 /* AlbumInteractor.swift in Sources */ = {isa = PBXBuildFile; fileRef = 46A24B7921005BE900BA55DB /* AlbumInteractor.swift */; };
		461EAEA421037EF70091F9E8 /* PhotoCell.swift in Sources */ = {isa = PBXBuildFile; fileRef = 4635F40C2100B9D400C071A7 /* PhotoCell.swift */; };
		461EAEA521037EF70091F9E8 /* NSObject+Extension.swift in Sources */ = {isa = PBXBuildFile; fileRef = 46A24B8521006DF700BA55DB /* NSObject+Extension.swift */; };
		461EAEA621037EF70091F9E8 /* AppDelegate.swift in Sources */ = {isa = PBXBuildFile; fileRef = 4635F402210074CB00C071A7 /* AppDelegate.swift */; };
		461EAEA721037EF70091F9E8 /* AlbumModel.swift in Sources */ = {isa = PBXBuildFile; fileRef = 46A24B7321005BE900BA55DB /* AlbumModel.swift */; };
		461EAEA821037EF70091F9E8 /* AlbumViewController.swift in Sources */ = {isa = PBXBuildFile; fileRef = 46A24B7721005BE900BA55DB /* AlbumViewController.swift */; };
		461EAEA921037EF70091F9E8 /* AppRouter.swift in Sources */ = {isa = PBXBuildFile; fileRef = 46A24B8221005F1B00BA55DB /* AppRouter.swift */; };
		461EAEAA21037EF70091F9E8 /* UIVIew+Extension.swift in Sources */ = {isa = PBXBuildFile; fileRef = 461EAE75210370EE0091F9E8 /* UIVIew+Extension.swift */; };
		461EAEAB21037EF70091F9E8 /* AlbumPresenter.swift in Sources */ = {isa = PBXBuildFile; fileRef = 46A24B7521005BE900BA55DB /* AlbumPresenter.swift */; };
		461EAEAC21037EF70091F9E8 /* AlbumWireFrame.swift in Sources */ = {isa = PBXBuildFile; fileRef = 46A24B7B21005BE900BA55DB /* AlbumWireFrame.swift */; };
		461EAEAF21037EF70091F9E8 /* Album.storyboard in Resources */ = {isa = PBXBuildFile; fileRef = 46E4FDFB2101AF19000B5AB9 /* Album.storyboard */; };
		461EAEB021037EF70091F9E8 /* LaunchScreen.storyboard in Resources */ = {isa = PBXBuildFile; fileRef = 46537F3E20FF1E79005C377B /* LaunchScreen.storyboard */; };
		461EAEB121037EF70091F9E8 /* Assets.xcassets in Resources */ = {isa = PBXBuildFile; fileRef = 46537F3C20FF1E79005C377B /* Assets.xcassets */; };
		461EAEB221037EF70091F9E8 /* PhotoFooterView.xib in Resources */ = {isa = PBXBuildFile; fileRef = 46E4FDFA2101AF19000B5AB9 /* PhotoFooterView.xib */; };
		461EAEBA210380D30091F9E8 /* UserList_1.json in Resources */ = {isa = PBXBuildFile; fileRef = 461EAEB9210380D20091F9E8 /* UserList_1.json */; };
		4635F403210074CB00C071A7 /* AppDelegate.swift in Sources */ = {isa = PBXBuildFile; fileRef = 4635F402210074CB00C071A7 /* AppDelegate.swift */; };
		4635F405210074E700C071A7 /* AppDelegate+Extension.swift in Sources */ = {isa = PBXBuildFile; fileRef = 4635F404210074E700C071A7 /* AppDelegate+Extension.swift */; };
		4635F408210091AC00C071A7 /* DataOperation.swift in Sources */ = {isa = PBXBuildFile; fileRef = 4635F407210091AC00C071A7 /* DataOperation.swift */; };
		4635F40D2100B9D400C071A7 /* PhotoCell.swift in Sources */ = {isa = PBXBuildFile; fileRef = 4635F40C2100B9D400C071A7 /* PhotoCell.swift */; };
		4635F40F2100D2B700C071A7 /* UIImageView+Extension.swift in Sources */ = {isa = PBXBuildFile; fileRef = 4635F40E2100D2B700C071A7 /* UIImageView+Extension.swift */; };
		4635F4122100ED0C00C071A7 /* PhotoFooterView.swift in Sources */ = {isa = PBXBuildFile; fileRef = 4635F4102100ED0C00C071A7 /* PhotoFooterView.swift */; };
		46537F3D20FF1E79005C377B /* Assets.xcassets in Resources */ = {isa = PBXBuildFile; fileRef = 46537F3C20FF1E79005C377B /* Assets.xcassets */; };
		46537F4020FF1E79005C377B /* LaunchScreen.storyboard in Resources */ = {isa = PBXBuildFile; fileRef = 46537F3E20FF1E79005C377B /* LaunchScreen.storyboard */; };
		4654E2DC2104A0940035E806 /* ImageDownloaderTests.swift in Sources */ = {isa = PBXBuildFile; fileRef = 4654E2DB2104A0940035E806 /* ImageDownloaderTests.swift */; };
		4654E2DE2104A9E80035E806 /* ViewAnimationTests.swift in Sources */ = {isa = PBXBuildFile; fileRef = 4654E2DD2104A9E80035E806 /* ViewAnimationTests.swift */; };
		4654E2E02104AA800035E806 /* ClassNameTests.swift in Sources */ = {isa = PBXBuildFile; fileRef = 4654E2DF2104AA800035E806 /* ClassNameTests.swift */; };
		4654E2E42104AC590035E806 /* AlbumInteractorTests.swift in Sources */ = {isa = PBXBuildFile; fileRef = 4654E2E32104AC590035E806 /* AlbumInteractorTests.swift */; };
		4654E2E62104B1790035E806 /* DataOperationTests.swift in Sources */ = {isa = PBXBuildFile; fileRef = 4654E2E52104B1790035E806 /* DataOperationTests.swift */; };
		4654E2F02104BA3E0035E806 /* AlbumsUITests.swift in Sources */ = {isa = PBXBuildFile; fileRef = 4654E2EF2104BA3E0035E806 /* AlbumsUITests.swift */; };
		46A24B7C21005BE900BA55DB /* AlbumProtocol.swift in Sources */ = {isa = PBXBuildFile; fileRef = 46A24B7121005BE900BA55DB /* AlbumProtocol.swift */; };
		46A24B7D21005BE900BA55DB /* AlbumModel.swift in Sources */ = {isa = PBXBuildFile; fileRef = 46A24B7321005BE900BA55DB /* AlbumModel.swift */; };
		46A24B7E21005BE900BA55DB /* AlbumPresenter.swift in Sources */ = {isa = PBXBuildFile; fileRef = 46A24B7521005BE900BA55DB /* AlbumPresenter.swift */; };
		46A24B7F21005BE900BA55DB /* AlbumViewController.swift in Sources */ = {isa = PBXBuildFile; fileRef = 46A24B7721005BE900BA55DB /* AlbumViewController.swift */; };
		46A24B8021005BE900BA55DB /* AlbumInteractor.swift in Sources */ = {isa = PBXBuildFile; fileRef = 46A24B7921005BE900BA55DB /* AlbumInteractor.swift */; };
		46A24B8121005BE900BA55DB /* AlbumWireFrame.swift in Sources */ = {isa = PBXBuildFile; fileRef = 46A24B7B21005BE900BA55DB /* AlbumWireFrame.swift */; };
		46A24B8321005F1B00BA55DB /* AppRouter.swift in Sources */ = {isa = PBXBuildFile; fileRef = 46A24B8221005F1B00BA55DB /* AppRouter.swift */; };
		46A24B8621006DF700BA55DB /* NSObject+Extension.swift in Sources */ = {isa = PBXBuildFile; fileRef = 46A24B8521006DF700BA55DB /* NSObject+Extension.swift */; };
		46E452EA21077B3100D8A021 /* StringConstant.swift in Sources */ = {isa = PBXBuildFile; fileRef = 46E452E921077B3000D8A021 /* StringConstant.swift */; };
		46E452EB21077B3100D8A021 /* StringConstant.swift in Sources */ = {isa = PBXBuildFile; fileRef = 46E452E921077B3000D8A021 /* StringConstant.swift */; };
		46E452EC2107817C00D8A021 /* Localizable.strings in Resources */ = {isa = PBXBuildFile; fileRef = 46E452EF2107817C00D8A021 /* Localizable.strings */; };
		46E452ED2107817C00D8A021 /* Localizable.strings in Resources */ = {isa = PBXBuildFile; fileRef = 46E452EF2107817C00D8A021 /* Localizable.strings */; };
		46E4FDFC2101AF1A000B5AB9 /* PhotoFooterView.xib in Resources */ = {isa = PBXBuildFile; fileRef = 46E4FDFA2101AF19000B5AB9 /* PhotoFooterView.xib */; };
		46E4FDFE2101AF1A000B5AB9 /* Album.storyboard in Resources */ = {isa = PBXBuildFile; fileRef = 46E4FDFB2101AF19000B5AB9 /* Album.storyboard */; };
		46E4FE022101B190000B5AB9 /* GridLayout.swift in Sources */ = {isa = PBXBuildFile; fileRef = 46E4FE012101B190000B5AB9 /* GridLayout.swift */; };
		46E4FE052101B398000B5AB9 /* TabularLayout.swift in Sources */ = {isa = PBXBuildFile; fileRef = 46E4FE042101B398000B5AB9 /* TabularLayout.swift */; };
		46F27A3C2104558E006B878A /* AlbumsTests.swift in Sources */ = {isa = PBXBuildFile; fileRef = 46F27A3B2104558E006B878A /* AlbumsTests.swift */; };
/* End PBXBuildFile section */

/* Begin PBXContainerItemProxy section */
		4654E2F22104BA3E0035E806 /* PBXContainerItemProxy */ = {
			isa = PBXContainerItemProxy;
			containerPortal = 46537F2A20FF1E77005C377B /* Project object */;
			proxyType = 1;
			remoteGlobalIDString = 46537F3120FF1E77005C377B;
			remoteInfo = Albums;
		};
		46F27A3E2104558E006B878A /* PBXContainerItemProxy */ = {
			isa = PBXContainerItemProxy;
			containerPortal = 46537F2A20FF1E77005C377B /* Project object */;
			proxyType = 1;
			remoteGlobalIDString = 46537F3120FF1E77005C377B;
			remoteInfo = Albums;
		};
/* End PBXContainerItemProxy section */

/* Begin PBXFileReference section */
		461EAE75210370EE0091F9E8 /* UIVIew+Extension.swift */ = {isa = PBXFileReference; lastKnownFileType = sourcecode.swift; path = "UIVIew+Extension.swift"; sourceTree = "<group>"; };
		461EAEB621037EF70091F9E8 /* AlbumsStub.app */ = {isa = PBXFileReference; explicitFileType = wrapper.application; includeInIndex = 0; path = AlbumsStub.app; sourceTree = BUILT_PRODUCTS_DIR; };
		461EAEB721037EF80091F9E8 /* AlbumsStub-Info.plist */ = {isa = PBXFileReference; lastKnownFileType = text.plist.xml; name = "AlbumsStub-Info.plist"; path = "/Users/anilkothari/Album/Albums/AlbumsStub-Info.plist"; sourceTree = "<absolute>"; };
		461EAEB9210380D20091F9E8 /* UserList_1.json */ = {isa = PBXFileReference; fileEncoding = 4; lastKnownFileType = text.json; path = UserList_1.json; sourceTree = "<group>"; };
		4635F402210074CB00C071A7 /* AppDelegate.swift */ = {isa = PBXFileReference; fileEncoding = 4; lastKnownFileType = sourcecode.swift; path = AppDelegate.swift; sourceTree = "<group>"; };
		4635F404210074E700C071A7 /* AppDelegate+Extension.swift */ = {isa = PBXFileReference; lastKnownFileType = sourcecode.swift; path = "AppDelegate+Extension.swift"; sourceTree = "<group>"; };
		4635F407210091AC00C071A7 /* DataOperation.swift */ = {isa = PBXFileReference; lastKnownFileType = sourcecode.swift; path = DataOperation.swift; sourceTree = "<group>"; };
		4635F40C2100B9D400C071A7 /* PhotoCell.swift */ = {isa = PBXFileReference; lastKnownFileType = sourcecode.swift; path = PhotoCell.swift; sourceTree = "<group>"; };
		4635F40E2100D2B700C071A7 /* UIImageView+Extension.swift */ = {isa = PBXFileReference; lastKnownFileType = sourcecode.swift; path = "UIImageView+Extension.swift"; sourceTree = "<group>"; };
		4635F4102100ED0C00C071A7 /* PhotoFooterView.swift */ = {isa = PBXFileReference; lastKnownFileType = sourcecode.swift; path = PhotoFooterView.swift; sourceTree = "<group>"; };
		46537F3220FF1E77005C377B /* Albums.app */ = {isa = PBXFileReference; explicitFileType = wrapper.application; includeInIndex = 0; path = Albums.app; sourceTree = BUILT_PRODUCTS_DIR; };
		46537F3C20FF1E79005C377B /* Assets.xcassets */ = {isa = PBXFileReference; lastKnownFileType = folder.assetcatalog; path = Assets.xcassets; sourceTree = "<group>"; };
		46537F3F20FF1E79005C377B /* Base */ = {isa = PBXFileReference; lastKnownFileType = file.storyboard; name = Base; path = Base.lproj/LaunchScreen.storyboard; sourceTree = "<group>"; };
		46537F4120FF1E79005C377B /* Info.plist */ = {isa = PBXFileReference; lastKnownFileType = text.plist.xml; path = Info.plist; sourceTree = "<group>"; };
		4654E2DB2104A0940035E806 /* ImageDownloaderTests.swift */ = {isa = PBXFileReference; lastKnownFileType = sourcecode.swift; path = ImageDownloaderTests.swift; sourceTree = "<group>"; };
		4654E2DD2104A9E80035E806 /* ViewAnimationTests.swift */ = {isa = PBXFileReference; lastKnownFileType = sourcecode.swift; path = ViewAnimationTests.swift; sourceTree = "<group>"; };
		4654E2DF2104AA800035E806 /* ClassNameTests.swift */ = {isa = PBXFileReference; lastKnownFileType = sourcecode.swift; path = ClassNameTests.swift; sourceTree = "<group>"; };
		4654E2E32104AC590035E806 /* AlbumInteractorTests.swift */ = {isa = PBXFileReference; lastKnownFileType = sourcecode.swift; path = AlbumInteractorTests.swift; sourceTree = "<group>"; };
		4654E2E52104B1790035E806 /* DataOperationTests.swift */ = {isa = PBXFileReference; lastKnownFileType = sourcecode.swift; path = DataOperationTests.swift; sourceTree = "<group>"; };
		4654E2ED2104BA3E0035E806 /* AlbumsUITests.xctest */ = {isa = PBXFileReference; explicitFileType = wrapper.cfbundle; includeInIndex = 0; path = AlbumsUITests.xctest; sourceTree = BUILT_PRODUCTS_DIR; };
		4654E2EF2104BA3E0035E806 /* AlbumsUITests.swift */ = {isa = PBXFileReference; lastKnownFileType = sourcecode.swift; path = AlbumsUITests.swift; sourceTree = "<group>"; };
		4654E2F12104BA3E0035E806 /* Info.plist */ = {isa = PBXFileReference; lastKnownFileType = text.plist.xml; path = Info.plist; sourceTree = "<group>"; };
		46A24B7121005BE900BA55DB /* AlbumProtocol.swift */ = {isa = PBXFileReference; fileEncoding = 4; lastKnownFileType = sourcecode.swift; path = AlbumProtocol.swift; sourceTree = "<group>"; };
		46A24B7321005BE900BA55DB /* AlbumModel.swift */ = {isa = PBXFileReference; fileEncoding = 4; lastKnownFileType = sourcecode.swift; path = AlbumModel.swift; sourceTree = "<group>"; };
		46A24B7521005BE900BA55DB /* AlbumPresenter.swift */ = {isa = PBXFileReference; fileEncoding = 4; lastKnownFileType = sourcecode.swift; path = AlbumPresenter.swift; sourceTree = "<group>"; };
		46A24B7721005BE900BA55DB /* AlbumViewController.swift */ = {isa = PBXFileReference; fileEncoding = 4; lastKnownFileType = sourcecode.swift; path = AlbumViewController.swift; sourceTree = "<group>"; };
		46A24B7921005BE900BA55DB /* AlbumInteractor.swift */ = {isa = PBXFileReference; fileEncoding = 4; lastKnownFileType = sourcecode.swift; path = AlbumInteractor.swift; sourceTree = "<group>"; };
		46A24B7B21005BE900BA55DB /* AlbumWireFrame.swift */ = {isa = PBXFileReference; fileEncoding = 4; lastKnownFileType = sourcecode.swift; path = AlbumWireFrame.swift; sourceTree = "<group>"; };
		46A24B8221005F1B00BA55DB /* AppRouter.swift */ = {isa = PBXFileReference; fileEncoding = 4; lastKnownFileType = sourcecode.swift; path = AppRouter.swift; sourceTree = "<group>"; };
		46A24B8521006DF700BA55DB /* NSObject+Extension.swift */ = {isa = PBXFileReference; fileEncoding = 4; lastKnownFileType = sourcecode.swift; path = "NSObject+Extension.swift"; sourceTree = "<group>"; };
		46E452E921077B3000D8A021 /* StringConstant.swift */ = {isa = PBXFileReference; lastKnownFileType = sourcecode.swift; path = StringConstant.swift; sourceTree = "<group>"; };
		46E452F0210781BE00D8A021 /* Base */ = {isa = PBXFileReference; lastKnownFileType = text.plist.strings; name = Base; path = Base.lproj/Localizable.strings; sourceTree = "<group>"; };
		46E4FDFA2101AF19000B5AB9 /* PhotoFooterView.xib */ = {isa = PBXFileReference; fileEncoding = 4; lastKnownFileType = file.xib; path = PhotoFooterView.xib; sourceTree = "<group>"; };
		46E4FDFB2101AF19000B5AB9 /* Album.storyboard */ = {isa = PBXFileReference; fileEncoding = 4; lastKnownFileType = file.storyboard; path = Album.storyboard; sourceTree = "<group>"; };
		46E4FE012101B190000B5AB9 /* GridLayout.swift */ = {isa = PBXFileReference; lastKnownFileType = sourcecode.swift; path = GridLayout.swift; sourceTree = "<group>"; };
		46E4FE042101B398000B5AB9 /* TabularLayout.swift */ = {isa = PBXFileReference; fileEncoding = 4; lastKnownFileType = sourcecode.swift; path = TabularLayout.swift; sourceTree = "<group>"; };
		46F27A392104558E006B878A /* AlbumsTests.xctest */ = {isa = PBXFileReference; explicitFileType = wrapper.cfbundle; includeInIndex = 0; path = AlbumsTests.xctest; sourceTree = BUILT_PRODUCTS_DIR; };
		46F27A3B2104558E006B878A /* AlbumsTests.swift */ = {isa = PBXFileReference; lastKnownFileType = sourcecode.swift; path = AlbumsTests.swift; sourceTree = "<group>"; };
		46F27A3D2104558E006B878A /* Info.plist */ = {isa = PBXFileReference; lastKnownFileType = text.plist.xml; path = Info.plist; sourceTree = "<group>"; };
/* End PBXFileReference section */

/* Begin PBXFrameworksBuildPhase section */
		461EAEAD21037EF70091F9E8 /* Frameworks */ = {
			isa = PBXFrameworksBuildPhase;
			buildActionMask = 2147483647;
			files = (
			);
			runOnlyForDeploymentPostprocessing = 0;
		};
		46537F2F20FF1E77005C377B /* Frameworks */ = {
			isa = PBXFrameworksBuildPhase;
			buildActionMask = 2147483647;
			files = (
			);
			runOnlyForDeploymentPostprocessing = 0;
		};
		4654E2EA2104BA3E0035E806 /* Frameworks */ = {
			isa = PBXFrameworksBuildPhase;
			buildActionMask = 2147483647;
			files = (
			);
			runOnlyForDeploymentPostprocessing = 0;
		};
		46F27A362104558E006B878A /* Frameworks */ = {
			isa = PBXFrameworksBuildPhase;
			buildActionMask = 2147483647;
			files = (
			);
			runOnlyForDeploymentPostprocessing = 0;
		};
/* End PBXFrameworksBuildPhase section */

/* Begin PBXGroup section */
		4635F401210074CB00C071A7 /* AppDelegate */ = {
			isa = PBXGroup;
			children = (
				4635F402210074CB00C071A7 /* AppDelegate.swift */,
				4635F404210074E700C071A7 /* AppDelegate+Extension.swift */,
			);
			path = AppDelegate;
			sourceTree = "<group>";
		};
		4635F4062100916600C071A7 /* Network */ = {
			isa = PBXGroup;
			children = (
				4635F407210091AC00C071A7 /* DataOperation.swift */,
			);
			path = Network;
			sourceTree = "<group>";
		};
		4635F4092100A05400C071A7 /* Stub */ = {
			isa = PBXGroup;
			children = (
				461EAEB9210380D20091F9E8 /* UserList_1.json */,
			);
			path = Stub;
			sourceTree = "<group>";
		};
		46537F2920FF1E77005C377B = {
			isa = PBXGroup;
			children = (
				46537F3420FF1E77005C377B /* Albums */,
				46F27A3A2104558E006B878A /* AlbumsTests */,
				4654E2EE2104BA3E0035E806 /* AlbumsUITests */,
				46537F3320FF1E77005C377B /* Products */,
			);
			sourceTree = "<group>";
		};
		46537F3320FF1E77005C377B /* Products */ = {
			isa = PBXGroup;
			children = (
				46537F3220FF1E77005C377B /* Albums.app */,
				461EAEB621037EF70091F9E8 /* AlbumsStub.app */,
				46F27A392104558E006B878A /* AlbumsTests.xctest */,
				4654E2ED2104BA3E0035E806 /* AlbumsUITests.xctest */,
			);
			name = Products;
			sourceTree = "<group>";
		};
		46537F3420FF1E77005C377B /* Albums */ = {
			isa = PBXGroup;
			children = (
				46E452E5210778AB00D8A021 /* Localization */,
				4635F401210074CB00C071A7 /* AppDelegate */,
				46A24B6E21005BE900BA55DB /* Modules */,
				46A24B6B21005A8500BA55DB /* Common */,
				46537F3C20FF1E79005C377B /* Assets.xcassets */,
				46537F3E20FF1E79005C377B /* LaunchScreen.storyboard */,
				46537F4120FF1E79005C377B /* Info.plist */,
				461EAEB721037EF80091F9E8 /* AlbumsStub-Info.plist */,
			);
			path = Albums;
			sourceTree = "<group>";
		};
		4654E2EE2104BA3E0035E806 /* AlbumsUITests */ = {
			isa = PBXGroup;
			children = (
				4654E2EF2104BA3E0035E806 /* AlbumsUITests.swift */,
				4654E2F12104BA3E0035E806 /* Info.plist */,
			);
			path = AlbumsUITests;
			sourceTree = "<group>";
		};
		46A24B6B21005A8500BA55DB /* Common */ = {
			isa = PBXGroup;
			children = (
				46E4FE002101B16D000B5AB9 /* Layout */,
				4635F4062100916600C071A7 /* Network */,
				46A24B8421006DF700BA55DB /* Extensions */,
				46A24B8221005F1B00BA55DB /* AppRouter.swift */,
			);
			path = Common;
			sourceTree = "<group>";
		};
		46A24B6E21005BE900BA55DB /* Modules */ = {
			isa = PBXGroup;
			children = (
				46A24B6F21005BE900BA55DB /* AlbumList */,
			);
			path = Modules;
			sourceTree = "<group>";
		};
		46A24B6F21005BE900BA55DB /* AlbumList */ = {
			isa = PBXGroup;
			children = (
				4635F4092100A05400C071A7 /* Stub */,
				46A24B7021005BE900BA55DB /* Contract */,
				46A24B7221005BE900BA55DB /* Entity */,
				46A24B7421005BE900BA55DB /* Presenter */,
				46A24B7621005BE900BA55DB /* View */,
				46A24B7821005BE900BA55DB /* Interactor */,
				46A24B7A21005BE900BA55DB /* Router */,
			);
			path = AlbumList;
			sourceTree = "<group>";
		};
		46A24B7021005BE900BA55DB /* Contract */ = {
			isa = PBXGroup;
			children = (
				46A24B7121005BE900BA55DB /* AlbumProtocol.swift */,
			);
			path = Contract;
			sourceTree = "<group>";
		};
		46A24B7221005BE900BA55DB /* Entity */ = {
			isa = PBXGroup;
			children = (
				46A24B7321005BE900BA55DB /* AlbumModel.swift */,
			);
			path = Entity;
			sourceTree = "<group>";
		};
		46A24B7421005BE900BA55DB /* Presenter */ = {
			isa = PBXGroup;
			children = (
				46A24B7521005BE900BA55DB /* AlbumPresenter.swift */,
			);
			path = Presenter;
			sourceTree = "<group>";
		};
		46A24B7621005BE900BA55DB /* View */ = {
			isa = PBXGroup;
			children = (
				46E4FDF92101AF19000B5AB9 /* StoryBoard:Xib */,
				46A24B7721005BE900BA55DB /* AlbumViewController.swift */,
				4635F40C2100B9D400C071A7 /* PhotoCell.swift */,
				4635F4102100ED0C00C071A7 /* PhotoFooterView.swift */,
			);
			path = View;
			sourceTree = "<group>";
		};
		46A24B7821005BE900BA55DB /* Interactor */ = {
			isa = PBXGroup;
			children = (
				46A24B7921005BE900BA55DB /* AlbumInteractor.swift */,
			);
			path = Interactor;
			sourceTree = "<group>";
		};
		46A24B7A21005BE900BA55DB /* Router */ = {
			isa = PBXGroup;
			children = (
				46A24B7B21005BE900BA55DB /* AlbumWireFrame.swift */,
			);
			path = Router;
			sourceTree = "<group>";
		};
		46A24B8421006DF700BA55DB /* Extensions */ = {
			isa = PBXGroup;
			children = (
				46A24B8521006DF700BA55DB /* NSObject+Extension.swift */,
				4635F40E2100D2B700C071A7 /* UIImageView+Extension.swift */,
				461EAE75210370EE0091F9E8 /* UIVIew+Extension.swift */,
			);
			path = Extensions;
			sourceTree = "<group>";
		};
		46E452E5210778AB00D8A021 /* Localization */ = {
			isa = PBXGroup;
			children = (
				46E452EF2107817C00D8A021 /* Localizable.strings */,
				46E452E921077B3000D8A021 /* StringConstant.swift */,
			);
			path = Localization;
			sourceTree = "<group>";
		};
		46E4FDF92101AF19000B5AB9 /* StoryBoard:Xib */ = {
			isa = PBXGroup;
			children = (
				46E4FDFA2101AF19000B5AB9 /* PhotoFooterView.xib */,
				46E4FDFB2101AF19000B5AB9 /* Album.storyboard */,
			);
			path = "StoryBoard:Xib";
			sourceTree = "<group>";
		};
		46E4FE002101B16D000B5AB9 /* Layout */ = {
			isa = PBXGroup;
			children = (
				46E4FE042101B398000B5AB9 /* TabularLayout.swift */,
				46E4FE012101B190000B5AB9 /* GridLayout.swift */,
			);
			path = Layout;
			sourceTree = "<group>";
		};
		46F27A3A2104558E006B878A /* AlbumsTests */ = {
			isa = PBXGroup;
			children = (
				46F27A3B2104558E006B878A /* AlbumsTests.swift */,
				46F27A3D2104558E006B878A /* Info.plist */,
				4654E2DB2104A0940035E806 /* ImageDownloaderTests.swift */,
				4654E2DD2104A9E80035E806 /* ViewAnimationTests.swift */,
				4654E2DF2104AA800035E806 /* ClassNameTests.swift */,
				4654E2E32104AC590035E806 /* AlbumInteractorTests.swift */,
				4654E2E52104B1790035E806 /* DataOperationTests.swift */,
			);
			path = AlbumsTests;
			sourceTree = "<group>";
		};
/* End PBXGroup section */

/* Begin PBXNativeTarget section */
		461EAE9A21037EF70091F9E8 /* AlbumsStub */ = {
			isa = PBXNativeTarget;
			buildConfigurationList = 461EAEB321037EF70091F9E8 /* Build configuration list for PBXNativeTarget "AlbumsStub" */;
			buildPhases = (
				461EAE9B21037EF70091F9E8 /* Sources */,
				461EAEAD21037EF70091F9E8 /* Frameworks */,
				461EAEAE21037EF70091F9E8 /* Resources */,
			);
			buildRules = (
			);
			dependencies = (
			);
			name = AlbumsStub;
			productName = Albums;
			productReference = 461EAEB621037EF70091F9E8 /* AlbumsStub.app */;
			productType = "com.apple.product-type.application";
		};
		46537F3120FF1E77005C377B /* Albums */ = {
			isa = PBXNativeTarget;
			buildConfigurationList = 46537F4420FF1E79005C377B /* Build configuration list for PBXNativeTarget "Albums" */;
			buildPhases = (
				46537F2E20FF1E77005C377B /* Sources */,
				46537F2F20FF1E77005C377B /* Frameworks */,
				46537F3020FF1E77005C377B /* Resources */,
			);
			buildRules = (
			);
			dependencies = (
			);
			name = Albums;
			productName = Albums;
			productReference = 46537F3220FF1E77005C377B /* Albums.app */;
			productType = "com.apple.product-type.application";
		};
		4654E2EC2104BA3E0035E806 /* AlbumsUITests */ = {
			isa = PBXNativeTarget;
			buildConfigurationList = 4654E2F42104BA3E0035E806 /* Build configuration list for PBXNativeTarget "AlbumsUITests" */;
			buildPhases = (
				4654E2E92104BA3E0035E806 /* Sources */,
				4654E2EA2104BA3E0035E806 /* Frameworks */,
				4654E2EB2104BA3E0035E806 /* Resources */,
			);
			buildRules = (
			);
			dependencies = (
				4654E2F32104BA3E0035E806 /* PBXTargetDependency */,
			);
			name = AlbumsUITests;
			productName = AlbumsUITests;
			productReference = 4654E2ED2104BA3E0035E806 /* AlbumsUITests.xctest */;
			productType = "com.apple.product-type.bundle.ui-testing";
		};
		46F27A382104558E006B878A /* AlbumsTests */ = {
			isa = PBXNativeTarget;
			buildConfigurationList = 46F27A422104558E006B878A /* Build configuration list for PBXNativeTarget "AlbumsTests" */;
			buildPhases = (
				46F27A352104558E006B878A /* Sources */,
				46F27A362104558E006B878A /* Frameworks */,
				46F27A372104558E006B878A /* Resources */,
			);
			buildRules = (
			);
			dependencies = (
				46F27A3F2104558E006B878A /* PBXTargetDependency */,
			);
			name = AlbumsTests;
			productName = AlbumsTests;
			productReference = 46F27A392104558E006B878A /* AlbumsTests.xctest */;
			productType = "com.apple.product-type.bundle.unit-test";
		};
/* End PBXNativeTarget section */

/* Begin PBXProject section */
		46537F2A20FF1E77005C377B /* Project object */ = {
			isa = PBXProject;
			attributes = {
				LastSwiftUpdateCheck = 0940;
				LastUpgradeCheck = 0940;
				ORGANIZATIONNAME = "Anil Kothari";
				TargetAttributes = {
					461EAE9A21037EF70091F9E8 = {
						ProvisioningStyle = Automatic;
					};
					46537F3120FF1E77005C377B = {
						CreatedOnToolsVersion = 9.4.1;
						ProvisioningStyle = Automatic;
					};
					4654E2EC2104BA3E0035E806 = {
						CreatedOnToolsVersion = 9.4.1;
						ProvisioningStyle = Automatic;
						TestTargetID = 46537F3120FF1E77005C377B;
					};
					46F27A382104558E006B878A = {
						CreatedOnToolsVersion = 9.4.1;
						ProvisioningStyle = Automatic;
						TestTargetID = 46537F3120FF1E77005C377B;
					};
				};
			};
			buildConfigurationList = 46537F2D20FF1E77005C377B /* Build configuration list for PBXProject "Albums" */;
			compatibilityVersion = "Xcode 8.0";
			developmentRegion = en;
			hasScannedForEncodings = 0;
			knownRegions = (
				en,
				Base,
			);
			mainGroup = 46537F2920FF1E77005C377B;
			productRefGroup = 46537F3320FF1E77005C377B /* Products */;
			projectDirPath = "";
			projectRoot = "";
			targets = (
				46537F3120FF1E77005C377B /* Albums */,
				461EAE9A21037EF70091F9E8 /* AlbumsStub */,
				46F27A382104558E006B878A /* AlbumsTests */,
				4654E2EC2104BA3E0035E806 /* AlbumsUITests */,
			);
		};
/* End PBXProject section */

/* Begin PBXResourcesBuildPhase section */
		461EAEAE21037EF70091F9E8 /* Resources */ = {
			isa = PBXResourcesBuildPhase;
			buildActionMask = 2147483647;
			files = (
				461EAEBA210380D30091F9E8 /* UserList_1.json in Resources */,
				46E452ED2107817C00D8A021 /* Localizable.strings in Resources */,
				461EAEAF21037EF70091F9E8 /* Album.storyboard in Resources */,
				461EAEB021037EF70091F9E8 /* LaunchScreen.storyboard in Resources */,
				461EAEB121037EF70091F9E8 /* Assets.xcassets in Resources */,
				461EAEB221037EF70091F9E8 /* PhotoFooterView.xib in Resources */,
			);
			runOnlyForDeploymentPostprocessing = 0;
		};
		46537F3020FF1E77005C377B /* Resources */ = {
			isa = PBXResourcesBuildPhase;
			buildActionMask = 2147483647;
			files = (
				46E4FDFE2101AF1A000B5AB9 /* Album.storyboard in Resources */,
				46E452EC2107817C00D8A021 /* Localizable.strings in Resources */,
				46537F4020FF1E79005C377B /* LaunchScreen.storyboard in Resources */,
				46537F3D20FF1E79005C377B /* Assets.xcassets in Resources */,
				46E4FDFC2101AF1A000B5AB9 /* PhotoFooterView.xib in Resources */,
			);
			runOnlyForDeploymentPostprocessing = 0;
		};
		4654E2EB2104BA3E0035E806 /* Resources */ = {
			isa = PBXResourcesBuildPhase;
			buildActionMask = 2147483647;
			files = (
			);
			runOnlyForDeploymentPostprocessing = 0;
		};
		46F27A372104558E006B878A /* Resources */ = {
			isa = PBXResourcesBuildPhase;
			buildActionMask = 2147483647;
			files = (
			);
			runOnlyForDeploymentPostprocessing = 0;
		};
/* End PBXResourcesBuildPhase section */

/* Begin PBXSourcesBuildPhase section */
		461EAE9B21037EF70091F9E8 /* Sources */ = {
			isa = PBXSourcesBuildPhase;
			buildActionMask = 2147483647;
			files = (
				46E452EB21077B3100D8A021 /* StringConstant.swift in Sources */,
				461EAE9C21037EF70091F9E8 /* AppDelegate+Extension.swift in Sources */,
				461EAE9D21037EF70091F9E8 /* AlbumProtocol.swift in Sources */,
				461EAE9E21037EF70091F9E8 /* TabularLayout.swift in Sources */,
				461EAE9F21037EF70091F9E8 /* GridLayout.swift in Sources */,
				461EAEA021037EF70091F9E8 /* UIImageView+Extension.swift in Sources */,
				461EAEA121037EF70091F9E8 /* DataOperation.swift in Sources */,
				461EAEA221037EF70091F9E8 /* PhotoFooterView.swift in Sources */,
				461EAEA321037EF70091F9E8 /* AlbumInteractor.swift in Sources */,
				461EAEA421037EF70091F9E8 /* PhotoCell.swift in Sources */,
				461EAEA521037EF70091F9E8 /* NSObject+Extension.swift in Sources */,
				461EAEA621037EF70091F9E8 /* AppDelegate.swift in Sources */,
				461EAEA721037EF70091F9E8 /* AlbumModel.swift in Sources */,
				461EAEA821037EF70091F9E8 /* AlbumViewController.swift in Sources */,
				461EAEA921037EF70091F9E8 /* AppRouter.swift in Sources */,
				461EAEAA21037EF70091F9E8 /* UIVIew+Extension.swift in Sources */,
				461EAEAB21037EF70091F9E8 /* AlbumPresenter.swift in Sources */,
				461EAEAC21037EF70091F9E8 /* AlbumWireFrame.swift in Sources */,
			);
			runOnlyForDeploymentPostprocessing = 0;
		};
		46537F2E20FF1E77005C377B /* Sources */ = {
			isa = PBXSourcesBuildPhase;
			buildActionMask = 2147483647;
			files = (
				46E452EA21077B3100D8A021 /* StringConstant.swift in Sources */,
				4635F405210074E700C071A7 /* AppDelegate+Extension.swift in Sources */,
				46A24B7C21005BE900BA55DB /* AlbumProtocol.swift in Sources */,
				46E4FE052101B398000B5AB9 /* TabularLayout.swift in Sources */,
				46E4FE022101B190000B5AB9 /* GridLayout.swift in Sources */,
				4635F40F2100D2B700C071A7 /* UIImageView+Extension.swift in Sources */,
				4635F408210091AC00C071A7 /* DataOperation.swift in Sources */,
				4635F4122100ED0C00C071A7 /* PhotoFooterView.swift in Sources */,
				46A24B8021005BE900BA55DB /* AlbumInteractor.swift in Sources */,
				4635F40D2100B9D400C071A7 /* PhotoCell.swift in Sources */,
				46A24B8621006DF700BA55DB /* NSObject+Extension.swift in Sources */,
				4635F403210074CB00C071A7 /* AppDelegate.swift in Sources */,
				46A24B7D21005BE900BA55DB /* AlbumModel.swift in Sources */,
				46A24B7F21005BE900BA55DB /* AlbumViewController.swift in Sources */,
				46A24B8321005F1B00BA55DB /* AppRouter.swift in Sources */,
				461EAE76210370EE0091F9E8 /* UIVIew+Extension.swift in Sources */,
				46A24B7E21005BE900BA55DB /* AlbumPresenter.swift in Sources */,
				46A24B8121005BE900BA55DB /* AlbumWireFrame.swift in Sources */,
			);
			runOnlyForDeploymentPostprocessing = 0;
		};
		4654E2E92104BA3E0035E806 /* Sources */ = {
			isa = PBXSourcesBuildPhase;
			buildActionMask = 2147483647;
			files = (
				4654E2F02104BA3E0035E806 /* AlbumsUITests.swift in Sources */,
			);
			runOnlyForDeploymentPostprocessing = 0;
		};
		46F27A352104558E006B878A /* Sources */ = {
			isa = PBXSourcesBuildPhase;
			buildActionMask = 2147483647;
			files = (
				4654E2DC2104A0940035E806 /* ImageDownloaderTests.swift in Sources */,
				4654E2E62104B1790035E806 /* DataOperationTests.swift in Sources */,
				4654E2E02104AA800035E806 /* ClassNameTests.swift in Sources */,
				4654E2E42104AC590035E806 /* AlbumInteractorTests.swift in Sources */,
				46F27A3C2104558E006B878A /* AlbumsTests.swift in Sources */,
				4654E2DE2104A9E80035E806 /* ViewAnimationTests.swift in Sources */,
			);
			runOnlyForDeploymentPostprocessing = 0;
		};
/* End PBXSourcesBuildPhase section */

/* Begin PBXTargetDependency section */
		4654E2F32104BA3E0035E806 /* PBXTargetDependency */ = {
			isa = PBXTargetDependency;
			target = 46537F3120FF1E77005C377B /* Albums */;
			targetProxy = 4654E2F22104BA3E0035E806 /* PBXContainerItemProxy */;
		};
		46F27A3F2104558E006B878A /* PBXTargetDependency */ = {
			isa = PBXTargetDependency;
			target = 46537F3120FF1E77005C377B /* Albums */;
			targetProxy = 46F27A3E2104558E006B878A /* PBXContainerItemProxy */;
		};
/* End PBXTargetDependency section */

/* Begin PBXVariantGroup section */
		46537F3E20FF1E79005C377B /* LaunchScreen.storyboard */ = {
			isa = PBXVariantGroup;
			children = (
				46537F3F20FF1E79005C377B /* Base */,
			);
			name = LaunchScreen.storyboard;
			sourceTree = "<group>";
		};
		46E452EF2107817C00D8A021 /* Localizable.strings */ = {
			isa = PBXVariantGroup;
			children = (
				46E452F0210781BE00D8A021 /* Base */,
			);
			name = Localizable.strings;
			sourceTree = "<group>";
		};
/* End PBXVariantGroup section */

/* Begin XCBuildConfiguration section */
		461EAEB421037EF70091F9E8 /* Debug */ = {
			isa = XCBuildConfiguration;
			buildSettings = {
				ASSETCATALOG_COMPILER_APPICON_NAME = AppIcon;
				CODE_SIGN_STYLE = Automatic;
				DEVELOPMENT_TEAM = QWFVS8TTXC;
				INFOPLIST_FILE = "$(SRCROOT)/AlbumsStub-Info.plist";
				IPHONEOS_DEPLOYMENT_TARGET = 10.0;
				LD_RUNPATH_SEARCH_PATHS = "$(inherited) @executable_path/Frameworks";
				PRODUCT_BUNDLE_IDENTIFIER = com.loblaws.Albums;
				PRODUCT_NAME = "$(TARGET_NAME)";
				SWIFT_VERSION = 4.0;
				TARGETED_DEVICE_FAMILY = 1;
			};
			name = Debug;
		};
		461EAEB521037EF70091F9E8 /* Release */ = {
			isa = XCBuildConfiguration;
			buildSettings = {
				ASSETCATALOG_COMPILER_APPICON_NAME = AppIcon;
				CODE_SIGN_STYLE = Automatic;
				DEVELOPMENT_TEAM = QWFVS8TTXC;
				INFOPLIST_FILE = "$(SRCROOT)/AlbumsStub-Info.plist";
				IPHONEOS_DEPLOYMENT_TARGET = 10.0;
				LD_RUNPATH_SEARCH_PATHS = "$(inherited) @executable_path/Frameworks";
				PRODUCT_BUNDLE_IDENTIFIER = com.loblaws.Albums;
				PRODUCT_NAME = "$(TARGET_NAME)";
				SWIFT_VERSION = 4.0;
				TARGETED_DEVICE_FAMILY = 1;
			};
			name = Release;
		};
		46537F4220FF1E79005C377B /* Debug */ = {
			isa = XCBuildConfiguration;
			buildSettings = {
				ALWAYS_SEARCH_USER_PATHS = NO;
				CLANG_ANALYZER_LOCALIZABILITY_NONLOCALIZED = YES;
				CLANG_ANALYZER_NONNULL = YES;
				CLANG_ANALYZER_NUMBER_OBJECT_CONVERSION = YES_AGGRESSIVE;
				CLANG_CXX_LANGUAGE_STANDARD = "gnu++14";
				CLANG_CXX_LIBRARY = "libc++";
				CLANG_ENABLE_MODULES = YES;
				CLANG_ENABLE_OBJC_ARC = YES;
				CLANG_ENABLE_OBJC_WEAK = YES;
				CLANG_WARN_BLOCK_CAPTURE_AUTORELEASING = YES;
				CLANG_WARN_BOOL_CONVERSION = YES;
				CLANG_WARN_COMMA = YES;
				CLANG_WARN_CONSTANT_CONVERSION = YES;
				CLANG_WARN_DEPRECATED_OBJC_IMPLEMENTATIONS = YES;
				CLANG_WARN_DIRECT_OBJC_ISA_USAGE = YES_ERROR;
				CLANG_WARN_DOCUMENTATION_COMMENTS = YES;
				CLANG_WARN_EMPTY_BODY = YES;
				CLANG_WARN_ENUM_CONVERSION = YES;
				CLANG_WARN_INFINITE_RECURSION = YES;
				CLANG_WARN_INT_CONVERSION = YES;
				CLANG_WARN_NON_LITERAL_NULL_CONVERSION = YES;
				CLANG_WARN_OBJC_IMPLICIT_RETAIN_SELF = YES;
				CLANG_WARN_OBJC_LITERAL_CONVERSION = YES;
				CLANG_WARN_OBJC_ROOT_CLASS = YES_ERROR;
				CLANG_WARN_RANGE_LOOP_ANALYSIS = YES;
				CLANG_WARN_STRICT_PROTOTYPES = YES;
				CLANG_WARN_SUSPICIOUS_MOVE = YES;
				CLANG_WARN_UNGUARDED_AVAILABILITY = YES_AGGRESSIVE;
				CLANG_WARN_UNREACHABLE_CODE = YES;
				CLANG_WARN__DUPLICATE_METHOD_MATCH = YES;
				CODE_SIGN_IDENTITY = "iPhone Developer";
				COPY_PHASE_STRIP = NO;
				DEBUG_INFORMATION_FORMAT = dwarf;
				ENABLE_STRICT_OBJC_MSGSEND = YES;
				ENABLE_TESTABILITY = YES;
				GCC_C_LANGUAGE_STANDARD = gnu11;
				GCC_DYNAMIC_NO_PIC = NO;
				GCC_NO_COMMON_BLOCKS = YES;
				GCC_OPTIMIZATION_LEVEL = 0;
				GCC_PREPROCESSOR_DEFINITIONS = (
					"DEBUG=1",
					"$(inherited)",
				);
				GCC_WARN_64_TO_32_BIT_CONVERSION = YES;
				GCC_WARN_ABOUT_RETURN_TYPE = YES_ERROR;
				GCC_WARN_UNDECLARED_SELECTOR = YES;
				GCC_WARN_UNINITIALIZED_AUTOS = YES_AGGRESSIVE;
				GCC_WARN_UNUSED_FUNCTION = YES;
				GCC_WARN_UNUSED_VARIABLE = YES;
				IPHONEOS_DEPLOYMENT_TARGET = 10.0;
				MTL_ENABLE_DEBUG_INFO = YES;
				ONLY_ACTIVE_ARCH = YES;
				SDKROOT = iphoneos;
				SWIFT_ACTIVE_COMPILATION_CONDITIONS = DEBUG;
				SWIFT_OPTIMIZATION_LEVEL = "-Onone";
			};
			name = Debug;
		};
		46537F4320FF1E79005C377B /* Release */ = {
			isa = XCBuildConfiguration;
			buildSettings = {
				ALWAYS_SEARCH_USER_PATHS = NO;
				CLANG_ANALYZER_LOCALIZABILITY_NONLOCALIZED = YES;
				CLANG_ANALYZER_NONNULL = YES;
				CLANG_ANALYZER_NUMBER_OBJECT_CONVERSION = YES_AGGRESSIVE;
				CLANG_CXX_LANGUAGE_STANDARD = "gnu++14";
				CLANG_CXX_LIBRARY = "libc++";
				CLANG_ENABLE_MODULES = YES;
				CLANG_ENABLE_OBJC_ARC = YES;
				CLANG_ENABLE_OBJC_WEAK = YES;
				CLANG_WARN_BLOCK_CAPTURE_AUTORELEASING = YES;
				CLANG_WARN_BOOL_CONVERSION = YES;
				CLANG_WARN_COMMA = YES;
				CLANG_WARN_CONSTANT_CONVERSION = YES;
				CLANG_WARN_DEPRECATED_OBJC_IMPLEMENTATIONS = YES;
				CLANG_WARN_DIRECT_OBJC_ISA_USAGE = YES_ERROR;
				CLANG_WARN_DOCUMENTATION_COMMENTS = YES;
				CLANG_WARN_EMPTY_BODY = YES;
				CLANG_WARN_ENUM_CONVERSION = YES;
				CLANG_WARN_INFINITE_RECURSION = YES;
				CLANG_WARN_INT_CONVERSION = YES;
				CLANG_WARN_NON_LITERAL_NULL_CONVERSION = YES;
				CLANG_WARN_OBJC_IMPLICIT_RETAIN_SELF = YES;
				CLANG_WARN_OBJC_LITERAL_CONVERSION = YES;
				CLANG_WARN_OBJC_ROOT_CLASS = YES_ERROR;
				CLANG_WARN_RANGE_LOOP_ANALYSIS = YES;
				CLANG_WARN_STRICT_PROTOTYPES = YES;
				CLANG_WARN_SUSPICIOUS_MOVE = YES;
				CLANG_WARN_UNGUARDED_AVAILABILITY = YES_AGGRESSIVE;
				CLANG_WARN_UNREACHABLE_CODE = YES;
				CLANG_WARN__DUPLICATE_METHOD_MATCH = YES;
				CODE_SIGN_IDENTITY = "iPhone Developer";
				COPY_PHASE_STRIP = NO;
				DEBUG_INFORMATION_FORMAT = "dwarf-with-dsym";
				ENABLE_NS_ASSERTIONS = NO;
				ENABLE_STRICT_OBJC_MSGSEND = YES;
				GCC_C_LANGUAGE_STANDARD = gnu11;
				GCC_NO_COMMON_BLOCKS = YES;
				GCC_WARN_64_TO_32_BIT_CONVERSION = YES;
				GCC_WARN_ABOUT_RETURN_TYPE = YES_ERROR;
				GCC_WARN_UNDECLARED_SELECTOR = YES;
				GCC_WARN_UNINITIALIZED_AUTOS = YES_AGGRESSIVE;
				GCC_WARN_UNUSED_FUNCTION = YES;
				GCC_WARN_UNUSED_VARIABLE = YES;
				IPHONEOS_DEPLOYMENT_TARGET = 10.0;
				MTL_ENABLE_DEBUG_INFO = NO;
				SDKROOT = iphoneos;
				SWIFT_OPTIMIZATION_LEVEL = "-Owholemodule";
				VALIDATE_PRODUCT = YES;
			};
			name = Release;
		};
		46537F4520FF1E79005C377B /* Debug */ = {
			isa = XCBuildConfiguration;
			buildSettings = {
				ASSETCATALOG_COMPILER_APPICON_NAME = AppIcon;
				CODE_SIGN_STYLE = Automatic;
				DEVELOPMENT_TEAM = QWFVS8TTXC;
				INFOPLIST_FILE = Albums/Info.plist;
				IPHONEOS_DEPLOYMENT_TARGET = 10.0;
				LD_RUNPATH_SEARCH_PATHS = "$(inherited) @executable_path/Frameworks";
				PRODUCT_BUNDLE_IDENTIFIER = com.loblaws.Albums;
				PRODUCT_NAME = "$(TARGET_NAME)";
				SWIFT_VERSION = 4.0;
				TARGETED_DEVICE_FAMILY = "1,2";
			};
			name = Debug;
		};
		46537F4620FF1E79005C377B /* Release */ = {
			isa = XCBuildConfiguration;
			buildSettings = {
				ASSETCATALOG_COMPILER_APPICON_NAME = AppIcon;
				CODE_SIGN_STYLE = Automatic;
				DEVELOPMENT_TEAM = QWFVS8TTXC;
				INFOPLIST_FILE = Albums/Info.plist;
				IPHONEOS_DEPLOYMENT_TARGET = 10.0;
				LD_RUNPATH_SEARCH_PATHS = "$(inherited) @executable_path/Frameworks";
				PRODUCT_BUNDLE_IDENTIFIER = com.loblaws.Albums;
				PRODUCT_NAME = "$(TARGET_NAME)";
				SWIFT_VERSION = 4.0;
				TARGETED_DEVICE_FAMILY = "1,2";
			};
			name = Release;
		};
		4654E2F52104BA3E0035E806 /* Debug */ = {
			isa = XCBuildConfiguration;
			buildSettings = {
				CODE_SIGN_STYLE = Automatic;
				DEVELOPMENT_TEAM = QWFVS8TTXC;
				INFOPLIST_FILE = AlbumsUITests/Info.plist;
				LD_RUNPATH_SEARCH_PATHS = "$(inherited) @executable_path/Frameworks @loader_path/Frameworks";
				PRODUCT_BUNDLE_IDENTIFIER = com.loblaws.AlbumsUITests;
				PRODUCT_NAME = "$(TARGET_NAME)";
				SWIFT_VERSION = 4.0;
				TARGETED_DEVICE_FAMILY = "1,2";
				TEST_TARGET_NAME = Albums;
			};
			name = Debug;
		};
		4654E2F62104BA3E0035E806 /* Release */ = {
			isa = XCBuildConfiguration;
			buildSettings = {
				CODE_SIGN_STYLE = Automatic;
				DEVELOPMENT_TEAM = QWFVS8TTXC;
				INFOPLIST_FILE = AlbumsUITests/Info.plist;
				LD_RUNPATH_SEARCH_PATHS = "$(inherited) @executable_path/Frameworks @loader_path/Frameworks";
				PRODUCT_BUNDLE_IDENTIFIER = com.loblaws.AlbumsUITests;
				PRODUCT_NAME = "$(TARGET_NAME)";
				SWIFT_VERSION = 4.0;
				TARGETED_DEVICE_FAMILY = "1,2";
				TEST_TARGET_NAME = Albums;
			};
			name = Release;
		};
		46F27A402104558E006B878A /* Debug */ = {
			isa = XCBuildConfiguration;
			buildSettings = {
				BUNDLE_LOADER = "$(TEST_HOST)";
				CODE_SIGN_STYLE = Automatic;
				DEVELOPMENT_TEAM = QWFVS8TTXC;
				INFOPLIST_FILE = AlbumsTests/Info.plist;
				LD_RUNPATH_SEARCH_PATHS = "$(inherited) @executable_path/Frameworks @loader_path/Frameworks";
				PRODUCT_BUNDLE_IDENTIFIER = com.loblaws.AlbumsTests;
				PRODUCT_NAME = "$(TARGET_NAME)";
				SWIFT_VERSION = 4.0;
				TARGETED_DEVICE_FAMILY = "1,2";
				TEST_HOST = "$(BUILT_PRODUCTS_DIR)/Albums.app/Albums";
			};
			name = Debug;
		};
		46F27A412104558E006B878A /* Release */ = {
			isa = XCBuildConfiguration;
			buildSettings = {
				BUNDLE_LOADER = "$(TEST_HOST)";
				CODE_SIGN_STYLE = Automatic;
				DEVELOPMENT_TEAM = QWFVS8TTXC;
				INFOPLIST_FILE = AlbumsTests/Info.plist;
				LD_RUNPATH_SEARCH_PATHS = "$(inherited) @executable_path/Frameworks @loader_path/Frameworks";
				PRODUCT_BUNDLE_IDENTIFIER = com.loblaws.AlbumsTests;
				PRODUCT_NAME = "$(TARGET_NAME)";
				SWIFT_VERSION = 4.0;
				TARGETED_DEVICE_FAMILY = "1,2";
				TEST_HOST = "$(BUILT_PRODUCTS_DIR)/Albums.app/Albums";
			};
			name = Release;
		};
/* End XCBuildConfiguration section */

/* Begin XCConfigurationList section */
		461EAEB321037EF70091F9E8 /* Build configuration list for PBXNativeTarget "AlbumsStub" */ = {
			isa = XCConfigurationList;
			buildConfigurations = (
				461EAEB421037EF70091F9E8 /* Debug */,
				461EAEB521037EF70091F9E8 /* Release */,
			);
			defaultConfigurationIsVisible = 0;
			defaultConfigurationName = Debug;
		};
		46537F2D20FF1E77005C377B /* Build configuration list for PBXProject "Albums" */ = {
			isa = XCConfigurationList;
			buildConfigurations = (
				46537F4220FF1E79005C377B /* Debug */,
				46537F4320FF1E79005C377B /* Release */,
			);
			defaultConfigurationIsVisible = 0;
			defaultConfigurationName = Debug;
		};
		46537F4420FF1E79005C377B /* Build configuration list for PBXNativeTarget "Albums" */ = {
			isa = XCConfigurationList;
			buildConfigurations = (
				46537F4520FF1E79005C377B /* Debug */,
				46537F4620FF1E79005C377B /* Release */,
			);
			defaultConfigurationIsVisible = 0;
			defaultConfigurationName = Debug;
		};
		4654E2F42104BA3E0035E806 /* Build configuration list for PBXNativeTarget "AlbumsUITests" */ = {
			isa = XCConfigurationList;
			buildConfigurations = (
				4654E2F52104BA3E0035E806 /* Debug */,
				4654E2F62104BA3E0035E806 /* Release */,
			);
			defaultConfigurationIsVisible = 0;
			defaultConfigurationName = Debug;
		};
		46F27A422104558E006B878A /* Build configuration list for PBXNativeTarget "AlbumsTests" */ = {
			isa = XCConfigurationList;
			buildConfigurations = (
				46F27A402104558E006B878A /* Debug */,
				46F27A412104558E006B878A /* Release */,
			);
			defaultConfigurationIsVisible = 0;
			defaultConfigurationName = Debug;
		};
/* End XCConfigurationList section */
	};
	rootObject = 46537F2A20FF1E77005C377B /* Project object */;
}
